
Microsoft Visual Studio Solution File, Format Version 12.00
# Visual Studio Version 16
VisualStudioVersion = 16.0.28711.60
MinimumVisualStudioVersion = 10.0.40219.1
Project("{FAE04EC0-301F-11D3-BF4B-00C04F79EFBC}") = "task-List", "task-List\task-List.csproj", "{28FFB192-D9B1-42BE-90B9-235D53F6466E}"
EndProject
Global
	GlobalSection(SolutionConfigurationPlatforms) = preSolution
		Debug|Any CPU = Debug|Any CPU
		Release|Any CPU = Release|Any CPU
	EndGlobalSection
	GlobalSection(ProjectConfigurationPlatforms) = postSolution
		{28FFB192-D9B1-42BE-90B9-235D53F6466E}.Debug|Any CPU.ActiveCfg = Debug|Any CPU
		{28FFB192-D9B1-42BE-90B9-235D53F6466E}.Debug|Any CPU.Build.0 = Debug|Any CPU
		{28FFB192-D9B1-42BE-90B9-235D53F6466E}.Release|Any CPU.ActiveCfg = Release|Any CPU
		{28FFB192-D9B1-42BE-90B9-235D53F6466E}.Release|Any CPU.Build.0 = Release|Any CPU
	EndGlobalSection
	GlobalSection(SolutionProperties) = preSolution
		HideSolutionNode = FALSE
	EndGlobalSection
	GlobalSection(ExtensibilityGlobals) = postSolution
		SolutionGuid = {960984C7-75B6-444A-AA7C-C60BFF2C59FA}
	EndGlobalSection
EndGlobal
